
Microsoft Visual Studio Solution File, Format Version 12.00
# Visual Studio Version 17
VisualStudioVersion = 17.9.34728.123
MinimumVisualStudioVersion = 10.0.40219.1
Project("{9A19103F-16F7-4668-BE54-9A1E7A4F7556}") = "Balanced_Brackets", "Balanced_Brackets\Balanced_Brackets.csproj", "{2BB5E20D-489F-4316-ACEF-D5F3E9A8C56A}"
EndProject
Project("{9A19103F-16F7-4668-BE54-9A1E7A4F7556}") = "Single_Number", "Single_Number\Single_Number.csproj", "{4DF6E283-6330-469A-8B33-20D8270CB7A1}"
EndProject
Project("{FAE04EC0-301F-11D3-BF4B-00C04F79EFBC}") = "Test_BalancedBrackets", "Test_BalancedBrackets\Test_BalancedBrackets.csproj", "{2CAD82CD-31B5-43EB-8765-A963C14D0928}"
EndProject
Project("{FAE04EC0-301F-11D3-BF4B-00C04F79EFBC}") = "Test_SingleNumber", "Test_SingleNumber\Test_SingleNumber.csproj", "{1D413861-5EAD-48EE-9780-93D58FB60066}"
EndProject
Global
	GlobalSection(SolutionConfigurationPlatforms) = preSolution
		Debug|Any CPU = Debug|Any CPU
		Release|Any CPU = Release|Any CPU
	EndGlobalSection
	GlobalSection(ProjectConfigurationPlatforms) = postSolution
		{2BB5E20D-489F-4316-ACEF-D5F3E9A8C56A}.Debug|Any CPU.ActiveCfg = Debug|Any CPU
		{2BB5E20D-489F-4316-ACEF-D5F3E9A8C56A}.Debug|Any CPU.Build.0 = Debug|Any CPU
		{2BB5E20D-489F-4316-ACEF-D5F3E9A8C56A}.Release|Any CPU.ActiveCfg = Release|Any CPU
		{2BB5E20D-489F-4316-ACEF-D5F3E9A8C56A}.Release|Any CPU.Build.0 = Release|Any CPU
		{4DF6E283-6330-469A-8B33-20D8270CB7A1}.Debug|Any CPU.ActiveCfg = Debug|Any CPU
		{4DF6E283-6330-469A-8B33-20D8270CB7A1}.Debug|Any CPU.Build.0 = Debug|Any CPU
		{4DF6E283-6330-469A-8B33-20D8270CB7A1}.Release|Any CPU.ActiveCfg = Release|Any CPU
		{4DF6E283-6330-469A-8B33-20D8270CB7A1}.Release|Any CPU.Build.0 = Release|Any CPU
		{2CAD82CD-31B5-43EB-8765-A963C14D0928}.Debug|Any CPU.ActiveCfg = Debug|Any CPU
		{2CAD82CD-31B5-43EB-8765-A963C14D0928}.Debug|Any CPU.Build.0 = Debug|Any CPU
		{2CAD82CD-31B5-43EB-8765-A963C14D0928}.Release|Any CPU.ActiveCfg = Release|Any CPU
		{2CAD82CD-31B5-43EB-8765-A963C14D0928}.Release|Any CPU.Build.0 = Release|Any CPU
		{1D413861-5EAD-48EE-9780-93D58FB60066}.Debug|Any CPU.ActiveCfg = Debug|Any CPU
		{1D413861-5EAD-48EE-9780-93D58FB60066}.Debug|Any CPU.Build.0 = Debug|Any CPU
		{1D413861-5EAD-48EE-9780-93D58FB60066}.Release|Any CPU.ActiveCfg = Release|Any CPU
		{1D413861-5EAD-48EE-9780-93D58FB60066}.Release|Any CPU.Build.0 = Release|Any CPU
	EndGlobalSection
	GlobalSection(SolutionProperties) = preSolution
		HideSolutionNode = FALSE
	EndGlobalSection
	GlobalSection(ExtensibilityGlobals) = postSolution
		SolutionGuid = {6576F6A4-4BF9-4013-B993-9FB51146D337}
	EndGlobalSection
EndGlobal
